// !$*UTF8*$!
{
	archiveVersion = 1;
	classes = {
	};
	objectVersion = 56;
	objects = {

/* Begin PBXBuildFile section */
		016AD8AC2B03497E006A98B9 /* AppDelegate.swift in Sources */ = {isa = PBXBuildFile; fileRef = 016AD8AB2B03497E006A98B9 /* AppDelegate.swift */; };
		016AD8AE2B03497E006A98B9 /* SceneDelegate.swift in Sources */ = {isa = PBXBuildFile; fileRef = 016AD8AD2B03497E006A98B9 /* SceneDelegate.swift */; };
		016AD8B02B03497E006A98B9 /* ViewController.swift in Sources */ = {isa = PBXBuildFile; fileRef = 016AD8AF2B03497E006A98B9 /* ViewController.swift */; };
		016AD8B32B03497E006A98B9 /* Main.storyboard in Resources */ = {isa = PBXBuildFile; fileRef = 016AD8B12B03497E006A98B9 /* Main.storyboard */; };
		016AD8B52B03497F006A98B9 /* Assets.xcassets in Resources */ = {isa = PBXBuildFile; fileRef = 016AD8B42B03497F006A98B9 /* Assets.xcassets */; };
		016AD8B82B03497F006A98B9 /* LaunchScreen.storyboard in Resources */ = {isa = PBXBuildFile; fileRef = 016AD8B62B03497F006A98B9 /* LaunchScreen.storyboard */; };
		016AD8C12B0349ED006A98B9 /* PreviewController.swift in Sources */ = {isa = PBXBuildFile; fileRef = 016AD8C02B0349ED006A98B9 /* PreviewController.swift */; };
		016AD8C52B034A30006A98B9 /* VisualFormatLanguage01.swift in Sources */ = {isa = PBXBuildFile; fileRef = 016AD8C42B034A30006A98B9 /* VisualFormatLanguage01.swift */; };
		016AD8C72B034A3E006A98B9 /* VisualFormatLanguage02.swift in Sources */ = {isa = PBXBuildFile; fileRef = 016AD8C62B034A3E006A98B9 /* VisualFormatLanguage02.swift */; };
		016AD8CA2B034AD9006A98B9 /* PreviewUICellController.swift in Sources */ = {isa = PBXBuildFile; fileRef = 016AD8C92B034AD9006A98B9 /* PreviewUICellController.swift */; };
		016AD8CC2B034E4B006A98B9 /* VisualFormatLanguage00.swift in Sources */ = {isa = PBXBuildFile; fileRef = 016AD8CB2B034E4B006A98B9 /* VisualFormatLanguage00.swift */; };
/* End PBXBuildFile section */

/* Begin PBXFileReference section */
		016AD8A82B03497E006A98B9 /* UIKitTutorial.app */ = {isa = PBXFileReference; explicitFileType = wrapper.application; includeInIndex = 0; path = UIKitTutorial.app; sourceTree = BUILT_PRODUCTS_DIR; };
		016AD8AB2B03497E006A98B9 /* AppDelegate.swift */ = {isa = PBXFileReference; lastKnownFileType = sourcecode.swift; path = AppDelegate.swift; sourceTree = "<group>"; };
		016AD8AD2B03497E006A98B9 /* SceneDelegate.swift */ = {isa = PBXFileReference; lastKnownFileType = sourcecode.swift; path = SceneDelegate.swift; sourceTree = "<group>"; };
		016AD8AF2B03497E006A98B9 /* ViewController.swift */ = {isa = PBXFileReference; lastKnownFileType = sourcecode.swift; path = ViewController.swift; sourceTree = "<group>"; };
		016AD8B22B03497E006A98B9 /* Base */ = {isa = PBXFileReference; lastKnownFileType = file.storyboard; name = Base; path = Base.lproj/Main.storyboard; sourceTree = "<group>"; };
		016AD8B42B03497F006A98B9 /* Assets.xcassets */ = {isa = PBXFileReference; lastKnownFileType = folder.assetcatalog; path = Assets.xcassets; sourceTree = "<group>"; };
		016AD8B72B03497F006A98B9 /* Base */ = {isa = PBXFileReference; lastKnownFileType = file.storyboard; name = Base; path = Base.lproj/LaunchScreen.storyboard; sourceTree = "<group>"; };
		016AD8B92B03497F006A98B9 /* Info.plist */ = {isa = PBXFileReference; lastKnownFileType = text.plist.xml; path = Info.plist; sourceTree = "<group>"; };
		016AD8C02B0349ED006A98B9 /* PreviewController.swift */ = {isa = PBXFileReference; lastKnownFileType = sourcecode.swift; path = PreviewController.swift; sourceTree = "<group>"; };
		016AD8C42B034A30006A98B9 /* VisualFormatLanguage01.swift */ = {isa = PBXFileReference; lastKnownFileType = sourcecode.swift; path = VisualFormatLanguage01.swift; sourceTree = "<group>"; };
		016AD8C62B034A3E006A98B9 /* VisualFormatLanguage02.swift */ = {isa = PBXFileReference; lastKnownFileType = sourcecode.swift; path = VisualFormatLanguage02.swift; sourceTree = "<group>"; };
		016AD8C82B034A8A006A98B9 /* README.md */ = {isa = PBXFileReference; lastKnownFileType = net.daringfireball.markdown; path = README.md; sourceTree = "<group>"; };
		016AD8C92B034AD9006A98B9 /* PreviewUICellController.swift */ = {isa = PBXFileReference; lastKnownFileType = sourcecode.swift; path = PreviewUICellController.swift; sourceTree = "<group>"; };
		016AD8CB2B034E4B006A98B9 /* VisualFormatLanguage00.swift */ = {isa = PBXFileReference; lastKnownFileType = sourcecode.swift; path = VisualFormatLanguage00.swift; sourceTree = "<group>"; };
/* End PBXFileReference section */

/* Begin PBXFrameworksBuildPhase section */
		016AD8A52B03497E006A98B9 /* Frameworks */ = {
			isa = PBXFrameworksBuildPhase;
			buildActionMask = 2147483647;
			files = (
			);
			runOnlyForDeploymentPostprocessing = 0;
		};
/* End PBXFrameworksBuildPhase section */

/* Begin PBXGroup section */
		016AD89F2B03497E006A98B9 = {
			isa = PBXGroup;
			children = (
				016AD8AA2B03497E006A98B9 /* UIKitTutorial */,
				016AD8A92B03497E006A98B9 /* Products */,
			);
			sourceTree = "<group>";
		};
		016AD8A92B03497E006A98B9 /* Products */ = {
			isa = PBXGroup;
			children = (
				016AD8A82B03497E006A98B9 /* UIKitTutorial.app */,
			);
			name = Products;
			sourceTree = "<group>";
		};
		016AD8AA2B03497E006A98B9 /* UIKitTutorial */ = {
			isa = PBXGroup;
			children = (
				016AD8C22B034A07006A98B9 /* example */,
				016AD8BF2B0349DB006A98B9 /* extension */,
				016AD8AB2B03497E006A98B9 /* AppDelegate.swift */,
				016AD8AD2B03497E006A98B9 /* SceneDelegate.swift */,
				016AD8AF2B03497E006A98B9 /* ViewController.swift */,
				016AD8B12B03497E006A98B9 /* Main.storyboard */,
				016AD8B42B03497F006A98B9 /* Assets.xcassets */,
				016AD8B62B03497F006A98B9 /* LaunchScreen.storyboard */,
				016AD8B92B03497F006A98B9 /* Info.plist */,
			);
			path = UIKitTutorial;
			sourceTree = "<group>";
		};
		016AD8BF2B0349DB006A98B9 /* extension */ = {
			isa = PBXGroup;
			children = (
				016AD8C02B0349ED006A98B9 /* PreviewController.swift */,
				016AD8C92B034AD9006A98B9 /* PreviewUICellController.swift */,
				016AD8C82B034A8A006A98B9 /* README.md */,
			);
			path = extension;
			sourceTree = "<group>";
		};
		016AD8C22B034A07006A98B9 /* example */ = {
			isa = PBXGroup;
			children = (
				016AD8C32B034A16006A98B9 /* VisualFormatLanguage */,
			);
			path = example;
			sourceTree = "<group>";
		};
		016AD8C32B034A16006A98B9 /* VisualFormatLanguage */ = {
			isa = PBXGroup;
			children = (
				016AD8CB2B034E4B006A98B9 /* VisualFormatLanguage00.swift */,
				016AD8C42B034A30006A98B9 /* VisualFormatLanguage01.swift */,
				016AD8C62B034A3E006A98B9 /* VisualFormatLanguage02.swift */,
			);
			path = VisualFormatLanguage;
			sourceTree = "<group>";
		};
/* End PBXGroup section */

/* Begin PBXNativeTarget section */
		016AD8A72B03497E006A98B9 /* UIKitTutorial */ = {
			isa = PBXNativeTarget;
			buildConfigurationList = 016AD8BC2B03497F006A98B9 /* Build configuration list for PBXNativeTarget "UIKitTutorial" */;
			buildPhases = (
				016AD8A42B03497E006A98B9 /* Sources */,
				016AD8A52B03497E006A98B9 /* Frameworks */,
				016AD8A62B03497E006A98B9 /* Resources */,
			);
			buildRules = (
			);
			dependencies = (
			);
			name = UIKitTutorial;
			productName = UIKitTutorial;
			productReference = 016AD8A82B03497E006A98B9 /* UIKitTutorial.app */;
			productType = "com.apple.product-type.application";
		};
/* End PBXNativeTarget section */

/* Begin PBXProject section */
		016AD8A02B03497E006A98B9 /* Project object */ = {
			isa = PBXProject;
			attributes = {
				BuildIndependentTargetsInParallel = 1;
				LastSwiftUpdateCheck = 1500;
				LastUpgradeCheck = 1500;
				TargetAttributes = {
					016AD8A72B03497E006A98B9 = {
						CreatedOnToolsVersion = 15.0.1;
					};
				};
			};
			buildConfigurationList = 016AD8A32B03497E006A98B9 /* Build configuration list for PBXProject "UIKitTutorial" */;
			compatibilityVersion = "Xcode 14.0";
			developmentRegion = en;
			hasScannedForEncodings = 0;
			knownRegions = (
				en,
				Base,
			);
			mainGroup = 016AD89F2B03497E006A98B9;
			productRefGroup = 016AD8A92B03497E006A98B9 /* Products */;
			projectDirPath = "";
			projectRoot = "";
			targets = (
				016AD8A72B03497E006A98B9 /* UIKitTutorial */,
			);
		};
/* End PBXProject section */

/* Begin PBXResourcesBuildPhase section */
		016AD8A62B03497E006A98B9 /* Resources */ = {
			isa = PBXResourcesBuildPhase;
			buildActionMask = 2147483647;
			files = (
				016AD8B82B03497F006A98B9 /* LaunchScreen.storyboard in Resources */,
				016AD8B52B03497F006A98B9 /* Assets.xcassets in Resources */,
				016AD8B32B03497E006A98B9 /* Main.storyboard in Resources */,
			);
			runOnlyForDeploymentPostprocessing = 0;
		};
/* End PBXResourcesBuildPhase section */

/* Begin PBXSourcesBuildPhase section */
		016AD8A42B03497E006A98B9 /* Sources */ = {
			isa = PBXSourcesBuildPhase;
			buildActionMask = 2147483647;
			files = (
				016AD8CC2B034E4B006A98B9 /* VisualFormatLanguage00.swift in Sources */,
				016AD8CA2B034AD9006A98B9 /* PreviewUICellController.swift in Sources */,
				016AD8C52B034A30006A98B9 /* VisualFormatLanguage01.swift in Sources */,
				016AD8C12B0349ED006A98B9 /* PreviewController.swift in Sources */,
				016AD8C72B034A3E006A98B9 /* VisualFormatLanguage02.swift in Sources */,
				016AD8B02B03497E006A98B9 /* ViewController.swift in Sources */,
				016AD8AC2B03497E006A98B9 /* AppDelegate.swift in Sources */,
				016AD8AE2B03497E006A98B9 /* SceneDelegate.swift in Sources */,
			);
			runOnlyForDeploymentPostprocessing = 0;
		};
/* End PBXSourcesBuildPhase section */

/* Begin PBXVariantGroup section */
		016AD8B12B03497E006A98B9 /* Main.storyboard */ = {
			isa = PBXVariantGroup;
			children = (
				016AD8B22B03497E006A98B9 /* Base */,
			);
			name = Main.storyboard;
			sourceTree = "<group>";
		};
		016AD8B62B03497F006A98B9 /* LaunchScreen.storyboard */ = {
			isa = PBXVariantGroup;
			children = (
				016AD8B72B03497F006A98B9 /* Base */,
			);
			name = LaunchScreen.storyboard;
			sourceTree = "<group>";
		};
/* End PBXVariantGroup section */

/* Begin XCBuildConfiguration section */
		016AD8BA2B03497F006A98B9 /* Debug */ = {
			isa = XCBuildConfiguration;
			buildSettings = {
				ALWAYS_SEARCH_USER_PATHS = NO;
				ASSETCATALOG_COMPILER_GENERATE_SWIFT_ASSET_SYMBOL_EXTENSIONS = YES;
				CLANG_ANALYZER_NONNULL = YES;
				CLANG_ANALYZER_NUMBER_OBJECT_CONVERSION = YES_AGGRESSIVE;
				CLANG_CXX_LANGUAGE_STANDARD = "gnu++20";
				CLANG_ENABLE_MODULES = YES;
				CLANG_ENABLE_OBJC_ARC = YES;
				CLANG_ENABLE_OBJC_WEAK = YES;
				CLANG_WARN_BLOCK_CAPTURE_AUTORELEASING = YES;
				CLANG_WARN_BOOL_CONVERSION = YES;
				CLANG_WARN_COMMA = YES;
				CLANG_WARN_CONSTANT_CONVERSION = YES;
				CLANG_WARN_DEPRECATED_OBJC_IMPLEMENTATIONS = YES;
				CLANG_WARN_DIRECT_OBJC_ISA_USAGE = YES_ERROR;
				CLANG_WARN_DOCUMENTATION_COMMENTS = YES;
				CLANG_WARN_EMPTY_BODY = YES;
				CLANG_WARN_ENUM_CONVERSION = YES;
				CLANG_WARN_INFINITE_RECURSION = YES;
				CLANG_WARN_INT_CONVERSION = YES;
				CLANG_WARN_NON_LITERAL_NULL_CONVERSION = YES;
				CLANG_WARN_OBJC_IMPLICIT_RETAIN_SELF = YES;
				CLANG_WARN_OBJC_LITERAL_CONVERSION = YES;
				CLANG_WARN_OBJC_ROOT_CLASS = YES_ERROR;
				CLANG_WARN_QUOTED_INCLUDE_IN_FRAMEWORK_HEADER = YES;
				CLANG_WARN_RANGE_LOOP_ANALYSIS = YES;
				CLANG_WARN_STRICT_PROTOTYPES = YES;
				CLANG_WARN_SUSPICIOUS_MOVE = YES;
				CLANG_WARN_UNGUARDED_AVAILABILITY = YES_AGGRESSIVE;
				CLANG_WARN_UNREACHABLE_CODE = YES;
				CLANG_WARN__DUPLICATE_METHOD_MATCH = YES;
				COPY_PHASE_STRIP = NO;
				DEBUG_INFORMATION_FORMAT = dwarf;
				ENABLE_STRICT_OBJC_MSGSEND = YES;
				ENABLE_TESTABILITY = YES;
				ENABLE_USER_SCRIPT_SANDBOXING = YES;
				GCC_C_LANGUAGE_STANDARD = gnu17;
				GCC_DYNAMIC_NO_PIC = NO;
				GCC_NO_COMMON_BLOCKS = YES;
				GCC_OPTIMIZATION_LEVEL = 0;
				GCC_PREPROCESSOR_DEFINITIONS = (
					"DEBUG=1",
					"$(inherited)",
				);
				GCC_WARN_64_TO_32_BIT_CONVERSION = YES;
				GCC_WARN_ABOUT_RETURN_TYPE = YES_ERROR;
				GCC_WARN_UNDECLARED_SELECTOR = YES;
				GCC_WARN_UNINITIALIZED_AUTOS = YES_AGGRESSIVE;
				GCC_WARN_UNUSED_FUNCTION = YES;
				GCC_WARN_UNUSED_VARIABLE = YES;
				IPHONEOS_DEPLOYMENT_TARGET = 17.0;
				LOCALIZATION_PREFERS_STRING_CATALOGS = YES;
				MTL_ENABLE_DEBUG_INFO = INCLUDE_SOURCE;
				MTL_FAST_MATH = YES;
				ONLY_ACTIVE_ARCH = YES;
				SDKROOT = iphoneos;
				SWIFT_ACTIVE_COMPILATION_CONDITIONS = "DEBUG $(inherited)";
				SWIFT_OPTIMIZATION_LEVEL = "-Onone";
			};
			name = Debug;
		};
		016AD8BB2B03497F006A98B9 /* Release */ = {
			isa = XCBuildConfiguration;
			buildSettings = {
				ALWAYS_SEARCH_USER_PATHS = NO;
				ASSETCATALOG_COMPILER_GENERATE_SWIFT_ASSET_SYMBOL_EXTENSIONS = YES;
				CLANG_ANALYZER_NONNULL = YES;
				CLANG_ANALYZER_NUMBER_OBJECT_CONVERSION = YES_AGGRESSIVE;
				CLANG_CXX_LANGUAGE_STANDARD = "gnu++20";
				CLANG_ENABLE_MODULES = YES;
				CLANG_ENABLE_OBJC_ARC = YES;
				CLANG_ENABLE_OBJC_WEAK = YES;
				CLANG_WARN_BLOCK_CAPTURE_AUTORELEASING = YES;
				CLANG_WARN_BOOL_CONVERSION = YES;
				CLANG_WARN_COMMA = YES;
				CLANG_WARN_CONSTANT_CONVERSION = YES;
				CLANG_WARN_DEPRECATED_OBJC_IMPLEMENTATIONS = YES;
				CLANG_WARN_DIRECT_OBJC_ISA_USAGE = YES_ERROR;
				CLANG_WARN_DOCUMENTATION_COMMENTS = YES;
				CLANG_WARN_EMPTY_BODY = YES;
				CLANG_WARN_ENUM_CONVERSION = YES;
				CLANG_WARN_INFINITE_RECURSION = YES;
				CLANG_WARN_INT_CONVERSION = YES;
				CLANG_WARN_NON_LITERAL_NULL_CONVERSION = YES;
				CLANG_WARN_OBJC_IMPLICIT_RETAIN_SELF = YES;
				CLANG_WARN_OBJC_LITERAL_CONVERSION = YES;
				CLANG_WARN_OBJC_ROOT_CLASS = YES_ERROR;
				CLANG_WARN_QUOTED_INCLUDE_IN_FRAMEWORK_HEADER = YES;
				CLANG_WARN_RANGE_LOOP_ANALYSIS = YES;
				CLANG_WARN_STRICT_PROTOTYPES = YES;
				CLANG_WARN_SUSPICIOUS_MOVE = YES;
				CLANG_WARN_UNGUARDED_AVAILABILITY = YES_AGGRESSIVE;
				CLANG_WARN_UNREACHABLE_CODE = YES;
				CLANG_WARN__DUPLICATE_METHOD_MATCH = YES;
				COPY_PHASE_STRIP = NO;
				DEBUG_INFORMATION_FORMAT = "dwarf-with-dsym";
				ENABLE_NS_ASSERTIONS = NO;
				ENABLE_STRICT_OBJC_MSGSEND = YES;
				ENABLE_USER_SCRIPT_SANDBOXING = YES;
				GCC_C_LANGUAGE_STANDARD = gnu17;
				GCC_NO_COMMON_BLOCKS = YES;
				GCC_WARN_64_TO_32_BIT_CONVERSION = YES;
				GCC_WARN_ABOUT_RETURN_TYPE = YES_ERROR;
				GCC_WARN_UNDECLARED_SELECTOR = YES;
				GCC_WARN_UNINITIALIZED_AUTOS = YES_AGGRESSIVE;
				GCC_WARN_UNUSED_FUNCTION = YES;
				GCC_WARN_UNUSED_VARIABLE = YES;
				IPHONEOS_DEPLOYMENT_TARGET = 17.0;
				LOCALIZATION_PREFERS_STRING_CATALOGS = YES;
				MTL_ENABLE_DEBUG_INFO = NO;
				MTL_FAST_MATH = YES;
				SDKROOT = iphoneos;
				SWIFT_COMPILATION_MODE = wholemodule;
				VALIDATE_PRODUCT = YES;
			};
			name = Release;
		};
		016AD8BD2B03497F006A98B9 /* Debug */ = {
			isa = XCBuildConfiguration;
			buildSettings = {
				ASSETCATALOG_COMPILER_APPICON_NAME = AppIcon;
				ASSETCATALOG_COMPILER_GLOBAL_ACCENT_COLOR_NAME = AccentColor;
				CODE_SIGN_STYLE = Automatic;
				CURRENT_PROJECT_VERSION = 1;
				DEVELOPMENT_TEAM = C32HZ8W6CA;
				GENERATE_INFOPLIST_FILE = YES;
				INFOPLIST_FILE = UIKitTutorial/Info.plist;
				INFOPLIST_KEY_UIApplicationSupportsIndirectInputEvents = YES;
				INFOPLIST_KEY_UILaunchStoryboardName = LaunchScreen;
				INFOPLIST_KEY_UIMainStoryboardFile = Main;
				INFOPLIST_KEY_UISupportedInterfaceOrientations_iPad = "UIInterfaceOrientationPortrait UIInterfaceOrientationPortraitUpsideDown UIInterfaceOrientationLandscapeLeft UIInterfaceOrientationLandscapeRight";
				INFOPLIST_KEY_UISupportedInterfaceOrientations_iPhone = "UIInterfaceOrientationPortrait UIInterfaceOrientationLandscapeLeft UIInterfaceOrientationLandscapeRight";
				LD_RUNPATH_SEARCH_PATHS = (
					"$(inherited)",
					"@executable_path/Frameworks",
				);
				MARKETING_VERSION = 1.0;
				PRODUCT_BUNDLE_IDENTIFIER = xohxe.UIKitTutorial;
				PRODUCT_NAME = "$(TARGET_NAME)";
				SWIFT_EMIT_LOC_STRINGS = YES;
				SWIFT_VERSION = 5.0;
				TARGETED_DEVICE_FAMILY = "1,2";
			};
			name = Debug;
		};
		016AD8BE2B03497F006A98B9 /* Release */ = {
			isa = XCBuildConfiguration;
			buildSettings = {
				ASSETCATALOG_COMPILER_APPICON_NAME = AppIcon;
				ASSETCATALOG_COMPILER_GLOBAL_ACCENT_COLOR_NAME = AccentColor;
				CODE_SIGN_STYLE = Automatic;
				CURRENT_PROJECT_VERSION = 1;
				DEVELOPMENT_TEAM = C32HZ8W6CA;
				GENERATE_INFOPLIST_FILE = YES;
				INFOPLIST_FILE = UIKitTutorial/Info.plist;
				INFOPLIST_KEY_UIApplicationSupportsIndirectInputEvents = YES;
				INFOPLIST_KEY_UILaunchStoryboardName = LaunchScreen;
				INFOPLIST_KEY_UIMainStoryboardFile = Main;
				INFOPLIST_KEY_UISupportedInterfaceOrientations_iPad = "UIInterfaceOrientationPortrait UIInterfaceOrientationPortraitUpsideDown UIInterfaceOrientationLandscapeLeft UIInterfaceOrientationLandscapeRight";
				INFOPLIST_KEY_UISupportedInterfaceOrientations_iPhone = "UIInterfaceOrientationPortrait UIInterfaceOrientationLandscapeLeft UIInterfaceOrientationLandscapeRight";
				LD_RUNPATH_SEARCH_PATHS = (
					"$(inherited)",
					"@executable_path/Frameworks",
				);
				MARKETING_VERSION = 1.0;
				PRODUCT_BUNDLE_IDENTIFIER = xohxe.UIKitTutorial;
				PRODUCT_NAME = "$(TARGET_NAME)";
				SWIFT_EMIT_LOC_STRINGS = YES;
				SWIFT_VERSION = 5.0;
				TARGETED_DEVICE_FAMILY = "1,2";
			};
			name = Release;
		};
/* End XCBuildConfiguration section */

/* Begin XCConfigurationList section */
		016AD8A32B03497E006A98B9 /* Build configuration list for PBXProject "UIKitTutorial" */ = {
			isa = XCConfigurationList;
			buildConfigurations = (
				016AD8BA2B03497F006A98B9 /* Debug */,
				016AD8BB2B03497F006A98B9 /* Release */,
			);
			defaultConfigurationIsVisible = 0;
			defaultConfigurationName = Release;
		};
		016AD8BC2B03497F006A98B9 /* Build configuration list for PBXNativeTarget "UIKitTutorial" */ = {
			isa = XCConfigurationList;
			buildConfigurations = (
				016AD8BD2B03497F006A98B9 /* Debug */,
				016AD8BE2B03497F006A98B9 /* Release */,
			);
			defaultConfigurationIsVisible = 0;
			defaultConfigurationName = Release;
		};
/* End XCConfigurationList section */
	};
	rootObject = 016AD8A02B03497E006A98B9 /* Project object */;
}
